
Microsoft Visual Studio Solution File, Format Version 12.00
# Visual Studio Version 16
VisualStudioVersion = 16.0.30406.217
MinimumVisualStudioVersion = 10.0.40219.1
Project("{8BC9CEB8-8B4A-11D0-8D11-00A0C91BC942}") = "MySt", "MySt\MySt.vcxproj", "{87B0E4B0-1E5F-44C2-A501-A3867C901C15}"
EndProject
Global
	GlobalSection(SolutionConfigurationPlatforms) = preSolution
		Debug|x64 = Debug|x64
		Debug|x86 = Debug|x86
		Release|x64 = Release|x64
		Release|x86 = Release|x86
	EndGlobalSection
	GlobalSection(ProjectConfigurationPlatforms) = postSolution
		{87B0E4B0-1E5F-44C2-A501-A3867C901C15}.Debug|x64.ActiveCfg = Debug|x64
		{87B0E4B0-1E5F-44C2-A501-A3867C901C15}.Debug|x64.Build.0 = Debug|x64
		{87B0E4B0-1E5F-44C2-A501-A3867C901C15}.Debug|x86.ActiveCfg = Debug|Win32
		{87B0E4B0-1E5F-44C2-A501-A3867C901C15}.Debug|x86.Build.0 = Debug|Win32
		{87B0E4B0-1E5F-44C2-A501-A3867C901C15}.Release|x64.ActiveCfg = Release|x64
		{87B0E4B0-1E5F-44C2-A501-A3867C901C15}.Release|x64.Build.0 = Release|x64
		{87B0E4B0-1E5F-44C2-A501-A3867C901C15}.Release|x86.ActiveCfg = Release|Win32
		{87B0E4B0-1E5F-44C2-A501-A3867C901C15}.Release|x86.Build.0 = Release|Win32
	EndGlobalSection
	GlobalSection(SolutionProperties) = preSolution
		HideSolutionNode = FALSE
	EndGlobalSection
	GlobalSection(ExtensibilityGlobals) = postSolution
		SolutionGuid = {9B80586D-A0F3-4D09-BA7B-E2DA5E25425D}
	EndGlobalSection
EndGlobal
