
Microsoft Visual Studio Solution File, Format Version 12.00
# Visual Studio Version 16
VisualStudioVersion = 16.0.30717.126
MinimumVisualStudioVersion = 10.0.40219.1
Project("{8BC9CEB8-8B4A-11D0-8D11-00A0C91BC942}") = "ShopCatalog", "ShopCatalog\ShopCatalog.vcxproj", "{7F47F9FD-8511-4748-A3A1-0DB3B2F08867}"
EndProject
Global
	GlobalSection(SolutionConfigurationPlatforms) = preSolution
		Debug|x64 = Debug|x64
		Debug|x86 = Debug|x86
		Release|x64 = Release|x64
		Release|x86 = Release|x86
	EndGlobalSection
	GlobalSection(ProjectConfigurationPlatforms) = postSolution
		{7F47F9FD-8511-4748-A3A1-0DB3B2F08867}.Debug|x64.ActiveCfg = Debug|x64
		{7F47F9FD-8511-4748-A3A1-0DB3B2F08867}.Debug|x64.Build.0 = Debug|x64
		{7F47F9FD-8511-4748-A3A1-0DB3B2F08867}.Debug|x86.ActiveCfg = Debug|Win32
		{7F47F9FD-8511-4748-A3A1-0DB3B2F08867}.Debug|x86.Build.0 = Debug|Win32
		{7F47F9FD-8511-4748-A3A1-0DB3B2F08867}.Release|x64.ActiveCfg = Release|x64
		{7F47F9FD-8511-4748-A3A1-0DB3B2F08867}.Release|x64.Build.0 = Release|x64
		{7F47F9FD-8511-4748-A3A1-0DB3B2F08867}.Release|x86.ActiveCfg = Release|Win32
		{7F47F9FD-8511-4748-A3A1-0DB3B2F08867}.Release|x86.Build.0 = Release|Win32
	EndGlobalSection
	GlobalSection(SolutionProperties) = preSolution
		HideSolutionNode = FALSE
	EndGlobalSection
	GlobalSection(ExtensibilityGlobals) = postSolution
		SolutionGuid = {A2CDD0D5-F0AD-483C-AB56-FCCB5AF80C26}
	EndGlobalSection
EndGlobal
